
Microsoft Visual Studio Solution File, Format Version 12.00
# Visual Studio 15
VisualStudioVersion = 15.0.28307.136
MinimumVisualStudioVersion = 10.0.40219.1
Project("{8BC9CEB8-8B4A-11D0-8D11-00A0C91BC942}") = "UI_TR", "UI_TR\UI_TR.vcxproj", "{94D8A92E-8C0E-4266-9987-23DB3BB9167A}"
EndProject
Global
	GlobalSection(SolutionConfigurationPlatforms) = preSolution
		Debug|x64 = Debug|x64
		Debug|x86 = Debug|x86
		Release|x64 = Release|x64
		Release|x86 = Release|x86
	EndGlobalSection
	GlobalSection(ProjectConfigurationPlatforms) = postSolution
		{94D8A92E-8C0E-4266-9987-23DB3BB9167A}.Debug|x64.ActiveCfg = Debug|x64
		{94D8A92E-8C0E-4266-9987-23DB3BB9167A}.Debug|x64.Build.0 = Debug|x64
		{94D8A92E-8C0E-4266-9987-23DB3BB9167A}.Debug|x86.ActiveCfg = Debug|Win32
		{94D8A92E-8C0E-4266-9987-23DB3BB9167A}.Debug|x86.Build.0 = Debug|Win32
		{94D8A92E-8C0E-4266-9987-23DB3BB9167A}.Release|x64.ActiveCfg = Release|x64
		{94D8A92E-8C0E-4266-9987-23DB3BB9167A}.Release|x64.Build.0 = Release|x64
		{94D8A92E-8C0E-4266-9987-23DB3BB9167A}.Release|x86.ActiveCfg = Release|Win32
		{94D8A92E-8C0E-4266-9987-23DB3BB9167A}.Release|x86.Build.0 = Release|Win32
	EndGlobalSection
	GlobalSection(SolutionProperties) = preSolution
		HideSolutionNode = FALSE
	EndGlobalSection
	GlobalSection(ExtensibilityGlobals) = postSolution
		SolutionGuid = {22C187AF-B0F9-478A-B761-81D4CE56850C}
	EndGlobalSection
EndGlobal
